// !$*UTF8*$!
{
	archiveVersion = 1;
	classes = {
	};
	objectVersion = 77;
	objects = {

/* Begin PBXBuildFile section */
		010EFDE2D6C4A73206572BBE /* SpeechToTextBackend.swift in Sources */ = {isa = PBXBuildFile; fileRef = 06E124777F58D54CEDE5CA61 /* SpeechToTextBackend.swift */; };
		077DCF588705F7C9A0D435DE /* ActivityOverlayView.swift in Sources */ = {isa = PBXBuildFile; fileRef = 110BEA16859A4BC3BC171427 /* ActivityOverlayView.swift */; };
		0B604089F852B83304D81658 /* TTSBackendCatalog.swift in Sources */ = {isa = PBXBuildFile; fileRef = C946F6D8E4671F893A836DF2 /* TTSBackendCatalog.swift */; };
		0C3C74A43B72D383164C555C /* KokoroTTSBackendTests.swift in Sources */ = {isa = PBXBuildFile; fileRef = 203E8DFFD8E671A374DB34E3 /* KokoroTTSBackendTests.swift */; };
		131B33B0A7200D30823A1201 /* SpeechModels.swift in Sources */ = {isa = PBXBuildFile; fileRef = CA7F679F877AB1E080B262A1 /* SpeechModels.swift */; };
		18A0B28B851CB76A0406F54E /* AppSettingsTests.swift in Sources */ = {isa = PBXBuildFile; fileRef = ED330EE6049AE116AFB2F072 /* AppSettingsTests.swift */; };
		1BAD7007F7ACB0C185A59759 /* PermissionService.swift in Sources */ = {isa = PBXBuildFile; fileRef = 272BF7900B279928282E93C7 /* PermissionService.swift */; };
		1BAF0FCF7F0F72251EE22A7D /* SpeechBackendCatalog.swift in Sources */ = {isa = PBXBuildFile; fileRef = 939E4B16B30B18A7F7A66345 /* SpeechBackendCatalog.swift */; };
		1FBD462C1D169A1B2983213F /* ActivityOverlayWindowControllerTests.swift in Sources */ = {isa = PBXBuildFile; fileRef = 7FCE353359D9AFF090867950 /* ActivityOverlayWindowControllerTests.swift */; };
		23E6C9B2DB1F71CE066D828B /* SettingsStore.swift in Sources */ = {isa = PBXBuildFile; fileRef = AC1EE06D54321DF43FE4A78E /* SettingsStore.swift */; };
		26610864A9E3551C29288FA7 /* KeybindsSettingsView.swift in Sources */ = {isa = PBXBuildFile; fileRef = 8E72993D876294B84028D5D5 /* KeybindsSettingsView.swift */; };
		26689C3A31F905B40F2AF9BF /* DiagnosticsView.swift in Sources */ = {isa = PBXBuildFile; fileRef = 5BCF70B97ADB9DCB148D1934 /* DiagnosticsView.swift */; };
		28A7CDCD3BCC3B97A35DAED7 /* FluidAudioKokoroEngineTests.swift in Sources */ = {isa = PBXBuildFile; fileRef = 2F2A1198E9E19F425709AF21 /* FluidAudioKokoroEngineTests.swift */; };
		3025C432DE8ACDA88701092F /* ClipboardService.swift in Sources */ = {isa = PBXBuildFile; fileRef = 1BE24F398C26E7C916733EF1 /* ClipboardService.swift */; };
		308DF8C3E698E57C77853A62 /* STTRouterTests.swift in Sources */ = {isa = PBXBuildFile; fileRef = 7A283E013EB4D5C368889260 /* STTRouterTests.swift */; };
		30F97D8C0898E2D97E683F3F /* MicrophoneCaptureStateTests.swift in Sources */ = {isa = PBXBuildFile; fileRef = 6AAA555F92CDA973E5FD1ACA /* MicrophoneCaptureStateTests.swift */; };
		312A67F8371459CA07993365 /* AppleTTSBackend.swift in Sources */ = {isa = PBXBuildFile; fileRef = E575530E2E604E20E5161DF6 /* AppleTTSBackend.swift */; };
		35992EC60E1B8ECDA828B776 /* DictationCoordinator.swift in Sources */ = {isa = PBXBuildFile; fileRef = 1B6ABB9D76B40D6F416C4B0C /* DictationCoordinator.swift */; };
		37FBA412106C897F84C4B36A /* FluidAudioParakeetEngine.swift in Sources */ = {isa = PBXBuildFile; fileRef = 5CB732B846FC4C710B2410FC /* FluidAudioParakeetEngine.swift */; };
		412A7CAB611AAD65AD1553C1 /* ActivityOverlayModel.swift in Sources */ = {isa = PBXBuildFile; fileRef = DAA71CF6D19AFEA28AC72CE1 /* ActivityOverlayModel.swift */; };
		416ACED506F9EC70C96DD843 /* UnixSocketServerTests.swift in Sources */ = {isa = PBXBuildFile; fileRef = 196EAFDEDCE964071F1FD07A /* UnixSocketServerTests.swift */; };
		41C36E1E85F8E70D46A0A087 /* HookTransportClient.swift in Sources */ = {isa = PBXBuildFile; fileRef = 275F0AFDBD57596BB855D04B /* HookTransportClient.swift */; };
		427B55EA5FEAC493E6E7C6B0 /* main.swift in Sources */ = {isa = PBXBuildFile; fileRef = E97D595D58978F2A8CD9294F /* main.swift */; };
		458711DCB7F0780003DE325F /* ActivityOverlayModelTests.swift in Sources */ = {isa = PBXBuildFile; fileRef = 84A0C0F43582E9D7B099E3FB /* ActivityOverlayModelTests.swift */; };
		4608679CC210E16C4D702708 /* FluidAudioKokoroEngine.swift in Sources */ = {isa = PBXBuildFile; fileRef = 1541D758E496D69D90CB308E /* FluidAudioKokoroEngine.swift */; };
		4900F6EF78F8F5B2F3228ECA /* FluidAudio in Frameworks */ = {isa = PBXBuildFile; productRef = 323B0AC599ED79F41B90D793 /* FluidAudio */; };
		4A7BF6773CB46992FA06B09A /* AgentProvider.swift in Sources */ = {isa = PBXBuildFile; fileRef = 6A5013145E15E5C746C59782 /* AgentProvider.swift */; };
		4D3CA8D95BFE28098B9A51AB /* ActivityOverlayActionDispatcherTests.swift in Sources */ = {isa = PBXBuildFile; fileRef = 2ACB3A9F06DA9A4999C2D065 /* ActivityOverlayActionDispatcherTests.swift */; };
		4E17960F53595769C23FFCC5 /* StreamingAudioPlayerTests.swift in Sources */ = {isa = PBXBuildFile; fileRef = 713C20F092B5FD9DB2257B5E /* StreamingAudioPlayerTests.swift */; };
		4F2437BBF321F303DFF307C5 /* TTSRouter.swift in Sources */ = {isa = PBXBuildFile; fileRef = DA1878571E35A1485700DA5C /* TTSRouter.swift */; };
		5431C9D6D7FA67B99BD9F5BB /* RulesTranscriptProcessor.swift in Sources */ = {isa = PBXBuildFile; fileRef = 9F9345EEDE9FA0BA054B69BC /* RulesTranscriptProcessor.swift */; };
		5587EE4800F58032E7EB7806 /* ActivityOverlayPresentationTests.swift in Sources */ = {isa = PBXBuildFile; fileRef = 4CE409E03262A10710015F9A /* ActivityOverlayPresentationTests.swift */; };
		574E4EC4BB3E0961391FF516 /* HookEnvelopeReceiver.swift in Sources */ = {isa = PBXBuildFile; fileRef = 5B0A9C8344C96ABA62442D91 /* HookEnvelopeReceiver.swift */; };
		5804D315DC8C4E5826740B25 /* SelectionReader.swift in Sources */ = {isa = PBXBuildFile; fileRef = C9310CC2B63FAED92154DB23 /* SelectionReader.swift */; };
		581FC3101A3FE16E88052CDC /* TextToSpeechBackend.swift in Sources */ = {isa = PBXBuildFile; fileRef = A7357E0F76AF76DF9C69ACD1 /* TextToSpeechBackend.swift */; };
		59CEB26722FB7B5250A99741 /* WindowFocusCoordinatorTests.swift in Sources */ = {isa = PBXBuildFile; fileRef = 035CD1C6FBA0F8F91F652E6F /* WindowFocusCoordinatorTests.swift */; };
		5A940B7CDFFD5E197ACA7422 /* ActivityOverlayWindowController.swift in Sources */ = {isa = PBXBuildFile; fileRef = D2945AA36C2854FD4A7C9469 /* ActivityOverlayWindowController.swift */; };
		5AEB040E011549C43640F5CA /* ActivityOverlayPanelHost.swift in Sources */ = {isa = PBXBuildFile; fileRef = 032A9782E9C2C931DFB89322 /* ActivityOverlayPanelHost.swift */; };
		5BB20F6CC812C4783D7205B6 /* GlobalHotkeyManagerTests.swift in Sources */ = {isa = PBXBuildFile; fileRef = 8CE61334B063F0337C2E6BB7 /* GlobalHotkeyManagerTests.swift */; };
		5DFE942299A26F7BEA31560A /* MicrophoneCapture.swift in Sources */ = {isa = PBXBuildFile; fileRef = 90563D92C2FAAA30698339C5 /* MicrophoneCapture.swift */; };
		629B951FA84E58D245591D7B /* MenuBarContentView.swift in Sources */ = {isa = PBXBuildFile; fileRef = 0DCE840658936E7271FAB146 /* MenuBarContentView.swift */; };
		63950769791664D8A9424529 /* HotkeyDefinition.swift in Sources */ = {isa = PBXBuildFile; fileRef = 36BC1C589CC6F88B197B1EF0 /* HotkeyDefinition.swift */; };
		64C783F59CA61E2FF905B254 /* AppleTTSBackendTests.swift in Sources */ = {isa = PBXBuildFile; fileRef = 311ABBF060EBB992AF95420A /* AppleTTSBackendTests.swift */; };
		65B13E67B1253BF28C14D10E /* IntegrationStatus.swift in Sources */ = {isa = PBXBuildFile; fileRef = 6F62FB2475A4963FC6149879 /* IntegrationStatus.swift */; };
		6C55C510C67B13D5610DF133 /* StreamingAudioPlayer.swift in Sources */ = {isa = PBXBuildFile; fileRef = ED7F4126C70AC7872DBFD520 /* StreamingAudioPlayer.swift */; };
		6EBCA693556C0B8F07AE9656 /* WindowFocusCoordinator.swift in Sources */ = {isa = PBXBuildFile; fileRef = 1F90592F0F4CAEF1DF31EC85 /* WindowFocusCoordinator.swift */; };
		6F7EFC40D66A19BCCF074782 /* KokoroTTSBackend.swift in Sources */ = {isa = PBXBuildFile; fileRef = 0715D2F1C1EE6D1D8CA70C6E /* KokoroTTSBackend.swift */; };
		6F8E0185EBFBB32801034947 /* FluidAudioParakeetEngineTests.swift in Sources */ = {isa = PBXBuildFile; fileRef = C1950E87F2DF1360304DC63A /* FluidAudioParakeetEngineTests.swift */; };
		70155993155C43ABD4EACFE4 /* SpeechBackendContractsTests.swift in Sources */ = {isa = PBXBuildFile; fileRef = 71B3B42F4D8ADC705985B0C3 /* SpeechBackendContractsTests.swift */; };
		740BAC00FB22AFBE28844B6E /* SpeechBackendError.swift in Sources */ = {isa = PBXBuildFile; fileRef = EAB0B39FEA02933CC4354E8D /* SpeechBackendError.swift */; };
		769E8F7AE0CB447ABAA8BCEE /* FluidAudioPocketTTSEngine.swift in Sources */ = {isa = PBXBuildFile; fileRef = 26B7DBB23381692173168C9B /* FluidAudioPocketTTSEngine.swift */; };
		79500C340512BA5276E98EB2 /* DictationSettingsView.swift in Sources */ = {isa = PBXBuildFile; fileRef = 1A727A1F8CEB8AC9F2E1FEB9 /* DictationSettingsView.swift */; };
		7983DF95AD3406B5F677E00A /* ActivityOverlayActionDispatcher.swift in Sources */ = {isa = PBXBuildFile; fileRef = E5B3D8C288C8ECB8A4B97ABD /* ActivityOverlayActionDispatcher.swift */; };
		7C370FEEA779CE901DA9C8AF /* TTSBackendCatalogTests.swift in Sources */ = {isa = PBXBuildFile; fileRef = 5DED03634A55B66FBCED816D /* TTSBackendCatalogTests.swift */; };
		7D36578865E64A7D1ACDBA52 /* AccessibilityService.swift in Sources */ = {isa = PBXBuildFile; fileRef = 483B44390B4757DC9D7B7505 /* AccessibilityService.swift */; };
		8364B21972FCCAC67036630C /* BackendAvailability.swift in Sources */ = {isa = PBXBuildFile; fileRef = 1230C06958285AB1CAE2418A /* BackendAvailability.swift */; };
		83A8BA29AC759A450A261572 /* Assets.xcassets in Resources */ = {isa = PBXBuildFile; fileRef = 359767A5465051721E7F2076 /* Assets.xcassets */; };
		84EEBCE5125549F18CE06C06 /* RelayIntegration.swift in Sources */ = {isa = PBXBuildFile; fileRef = CFD159D40C20E2EB860D1629 /* RelayIntegration.swift */; };
		8C7FB013D71A83B74950862F /* GlobalHotkeyManager.swift in Sources */ = {isa = PBXBuildFile; fileRef = 2499709E52B7C2AE389E0A68 /* GlobalHotkeyManager.swift */; };
		912B483ECC93452865AC4A29 /* ClipboardServiceTests.swift in Sources */ = {isa = PBXBuildFile; fileRef = 929A7ED797B49CEE115E1DA6 /* ClipboardServiceTests.swift */; };
		91CA532F4429D5B65476BEBC /* ProjectSmokeTests.swift in Sources */ = {isa = PBXBuildFile; fileRef = 1D080F5789BE1F241509F1C2 /* ProjectSmokeTests.swift */; };
		94AE744F4CA8CE70CBB9687B /* RelayHook in Resources */ = {isa = PBXBuildFile; fileRef = CD7B5DDABCD6925ACF15C1B3 /* RelayHook */; settings = {ATTRIBUTES = (RemoveHeadersOnCopy, ); }; };
		975663B0D629B8FDB447502D /* STTRouter.swift in Sources */ = {isa = PBXBuildFile; fileRef = 751588B739A8C2497A075C0A /* STTRouter.swift */; };
		9756AF051A9C26FDF8B4BA30 /* RulesSpeechPreprocessorTests.swift in Sources */ = {isa = PBXBuildFile; fileRef = 75A5D0DD6ECBB171B17FC747 /* RulesSpeechPreprocessorTests.swift */; };
		97BBF047A631155332E9FB06 /* HookEnvelope.swift in Sources */ = {isa = PBXBuildFile; fileRef = 0007CFDD668AB6C9B6207607 /* HookEnvelope.swift */; };
		9A2E7133F5C199C2A5CE9DEF /* SynthesizedAudioPlayerTests.swift in Sources */ = {isa = PBXBuildFile; fileRef = 9D1367D86F5DB24EEC0865E5 /* SynthesizedAudioPlayerTests.swift */; };
		9DEDED0E43E753BCE3E9414B /* ParakeetBackendTests.swift in Sources */ = {isa = PBXBuildFile; fileRef = 0426F6B17538598D1ECA3EB8 /* ParakeetBackendTests.swift */; };
		9ED060105B789ED3C5278037 /* RelayTests.swift in Sources */ = {isa = PBXBuildFile; fileRef = 82F98404629EA6F3162215CC /* RelayTests.swift */; };
		9F4340F141218B792C4792F0 /* SettingsView.swift in Sources */ = {isa = PBXBuildFile; fileRef = 54E4B351A16CE237218FE5C0 /* SettingsView.swift */; };
		A81AECAA6FC7AB0F87F442DE /* SynthesizedAudioPlayer.swift in Sources */ = {isa = PBXBuildFile; fileRef = 3E5FC6AD7B609779FB7B0A48 /* SynthesizedAudioPlayer.swift */; };
		AC21C5CAF0A02A9029C1127C /* UnixSocketServer.swift in Sources */ = {isa = PBXBuildFile; fileRef = 91ED1D7A6F95F0D69DB81AEF /* UnixSocketServer.swift */; };
		AF4EAB5EC47262D70DE776AC /* SettingsViewsSmokeTests.swift in Sources */ = {isa = PBXBuildFile; fileRef = AE11899BF95D51FEF77A4A4C /* SettingsViewsSmokeTests.swift */; };
		B2E2ACBD73D895AA81FBD1B4 /* AppModelTests.swift in Sources */ = {isa = PBXBuildFile; fileRef = F5BF4958844B2771537AF08D /* AppModelTests.swift */; };
		B5059A51D144C468B1843122 /* RelayApp.swift in Sources */ = {isa = PBXBuildFile; fileRef = 75C54FA6D0E67AA81510F66A /* RelayApp.swift */; };
		B65DB48D76D9E762F4D8DF4C /* AppleSpeechBackendTests.swift in Sources */ = {isa = PBXBuildFile; fileRef = 49DEB5422690339D2759CC63 /* AppleSpeechBackendTests.swift */; };
		B6A7E723B9BA8FE5CCF0BFD6 /* TTSRouterTests.swift in Sources */ = {isa = PBXBuildFile; fileRef = 264D3B761DD35FEF92E86BAC /* TTSRouterTests.swift */; };
		B785675C6885A59D2FD6BB18 /* AccessibilityServiceTests.swift in Sources */ = {isa = PBXBuildFile; fileRef = 6354F61BA4CE6CE9E6F5206D /* AccessibilityServiceTests.swift */; };
		B8D654E9189C297049AFAB10 /* AppleSpeechBackend.swift in Sources */ = {isa = PBXBuildFile; fileRef = FE7691D4AED60790AE873F6C /* AppleSpeechBackend.swift */; };
		BB3C78E83707FBC0309FF4D5 /* SelectionReaderTests.swift in Sources */ = {isa = PBXBuildFile; fileRef = 763A6DE20D54E1A785D7D61F /* SelectionReaderTests.swift */; };
		BDB3AFBC914BC5F55A9E04B9 /* Diagnostics.swift in Sources */ = {isa = PBXBuildFile; fileRef = 2388EB91FEE36FAF3715B0FE /* Diagnostics.swift */; };
		BE570F59B904039713B5C19C /* ActivityOverlayPresentation.swift in Sources */ = {isa = PBXBuildFile; fileRef = A3A1971CFBDF8C170DD9B32F /* ActivityOverlayPresentation.swift */; };
		BF60241DEB26DD12C9DEB812 /* DiagnosticsTests.swift in Sources */ = {isa = PBXBuildFile; fileRef = D52815C78FFC96732B4BC0DE /* DiagnosticsTests.swift */; };
		C49E0E417AF998014B597166 /* RulesTranscriptProcessorTests.swift in Sources */ = {isa = PBXBuildFile; fileRef = 0C2D9AB71BE0958979C201CB /* RulesTranscriptProcessorTests.swift */; };
		C5F5763A4617CDDD616EB1F3 /* AppSettings.swift in Sources */ = {isa = PBXBuildFile; fileRef = 85842060D11E3427D905C000 /* AppSettings.swift */; };
		C5FAB2BF576BBC52717C7E8E /* SpeechCoordinatorTests.swift in Sources */ = {isa = PBXBuildFile; fileRef = 6B541411E315249B0E88DAE3 /* SpeechCoordinatorTests.swift */; };
		C7BAB420C2ACEAAD2615513F /* TextInsertionService.swift in Sources */ = {isa = PBXBuildFile; fileRef = 3FEA7F12EBADD824A6D473D8 /* TextInsertionService.swift */; };
		CA5EDFFEEA88571D939A8E86 /* TextInsertionServiceTests.swift in Sources */ = {isa = PBXBuildFile; fileRef = 74C937F1F8E31916F4428507 /* TextInsertionServiceTests.swift */; };
		D0CCD89167ACBB59A2D873B6 /* AppModel.swift in Sources */ = {isa = PBXBuildFile; fileRef = 3772B7BC9E1856FB2551A9D4 /* AppModel.swift */; };
		D24C6988EFA159A3FC1042F8 /* FluidAudioPocketTTSEngineTests.swift in Sources */ = {isa = PBXBuildFile; fileRef = E76185120FF9AE021058358D /* FluidAudioPocketTTSEngineTests.swift */; };
		D3DF712D1B92B3D921467185 /* SpeechCoordinator.swift in Sources */ = {isa = PBXBuildFile; fileRef = E2E464DE9B8D3EF3FBAF0A9E /* SpeechCoordinator.swift */; };
		D5A6FF60B4626C4D3BB782F8 /* PocketTTSBackend.swift in Sources */ = {isa = PBXBuildFile; fileRef = 887DB4ADA3775E932C1B5211 /* PocketTTSBackend.swift */; };
		D97F726C0048114D443BDB31 /* PermissionsSettingsView.swift in Sources */ = {isa = PBXBuildFile; fileRef = 0F476045417F42F97BC90298 /* PermissionsSettingsView.swift */; };
		DAADDCA17C999363EEE95FCB /* TTSSettingsView.swift in Sources */ = {isa = PBXBuildFile; fileRef = F810D496F4EB25DFF87CD3E9 /* TTSSettingsView.swift */; };
		DE60F514AF7DB717FE878E05 /* HookEnvelopeTests.swift in Sources */ = {isa = PBXBuildFile; fileRef = FCAE43E0E7232A29726586EA /* HookEnvelopeTests.swift */; };
		DEB7ABD3D2EE7EB76531B9D1 /* RelayWindowTagger.swift in Sources */ = {isa = PBXBuildFile; fileRef = 9A2D71436EB216912EA0F366 /* RelayWindowTagger.swift */; };
		E2C6E7141B67B8F4DBA3DE7B /* HookEnvelopeReceiverTests.swift in Sources */ = {isa = PBXBuildFile; fileRef = 83997371307F0FA88DB5A57E /* HookEnvelopeReceiverTests.swift */; };
		E9B4F43B9424CFCAFED6BD87 /* PocketTTSBackendTests.swift in Sources */ = {isa = PBXBuildFile; fileRef = 1BD1713F6B25B17ED9F3EEA7 /* PocketTTSBackendTests.swift */; };
		EAB39791025AC7188F9DD9C9 /* AgentResponseEvent.swift in Sources */ = {isa = PBXBuildFile; fileRef = 7F32A0AB1ECF4429A4A7F818 /* AgentResponseEvent.swift */; };
		ED473F93C25865ED39A16D6B /* ParakeetBackend.swift in Sources */ = {isa = PBXBuildFile; fileRef = 29EE80E2D79C7BCF9E1806A0 /* ParakeetBackend.swift */; };
		F9565864D90DAB867000F0A0 /* RulesSpeechPreprocessor.swift in Sources */ = {isa = PBXBuildFile; fileRef = D01700458AA3E57B79695FD7 /* RulesSpeechPreprocessor.swift */; };
		FEEB68ED69E952C82B735A84 /* DictationCoordinatorTests.swift in Sources */ = {isa = PBXBuildFile; fileRef = 8319285D2256A603BD08A571 /* DictationCoordinatorTests.swift */; };
/* End PBXBuildFile section */

/* Begin PBXContainerItemProxy section */
		56659E1809A0C78F49479215 /* PBXContainerItemProxy */ = {
			isa = PBXContainerItemProxy;
			containerPortal = 00400E7BA46B4893DB3DAE46 /* Project object */;
			proxyType = 1;
			remoteGlobalIDString = 00CC2921912F47FC3C6615F8;
			remoteInfo = Relay;
		};
		A3F1DA22189C004655AB5C26 /* PBXContainerItemProxy */ = {
			isa = PBXContainerItemProxy;
			containerPortal = 00400E7BA46B4893DB3DAE46 /* Project object */;
			proxyType = 1;
			remoteGlobalIDString = 7B4F067502ABA872D758B21D;
			remoteInfo = RelayHook;
		};
/* End PBXContainerItemProxy section */

/* Begin PBXFileReference section */
		0007CFDD668AB6C9B6207607 /* HookEnvelope.swift */ = {isa = PBXFileReference; lastKnownFileType = sourcecode.swift; path = HookEnvelope.swift; sourceTree = "<group>"; };
		032A9782E9C2C931DFB89322 /* ActivityOverlayPanelHost.swift */ = {isa = PBXFileReference; lastKnownFileType = sourcecode.swift; path = ActivityOverlayPanelHost.swift; sourceTree = "<group>"; };
		035CD1C6FBA0F8F91F652E6F /* WindowFocusCoordinatorTests.swift */ = {isa = PBXFileReference; lastKnownFileType = sourcecode.swift; path = WindowFocusCoordinatorTests.swift; sourceTree = "<group>"; };
		0426F6B17538598D1ECA3EB8 /* ParakeetBackendTests.swift */ = {isa = PBXFileReference; lastKnownFileType = sourcecode.swift; path = ParakeetBackendTests.swift; sourceTree = "<group>"; };
		06E124777F58D54CEDE5CA61 /* SpeechToTextBackend.swift */ = {isa = PBXFileReference; lastKnownFileType = sourcecode.swift; path = SpeechToTextBackend.swift; sourceTree = "<group>"; };
		0715D2F1C1EE6D1D8CA70C6E /* KokoroTTSBackend.swift */ = {isa = PBXFileReference; lastKnownFileType = sourcecode.swift; path = KokoroTTSBackend.swift; sourceTree = "<group>"; };
		0C2D9AB71BE0958979C201CB /* RulesTranscriptProcessorTests.swift */ = {isa = PBXFileReference; lastKnownFileType = sourcecode.swift; path = RulesTranscriptProcessorTests.swift; sourceTree = "<group>"; };
		0DCE840658936E7271FAB146 /* MenuBarContentView.swift */ = {isa = PBXFileReference; lastKnownFileType = sourcecode.swift; path = MenuBarContentView.swift; sourceTree = "<group>"; };
		0F476045417F42F97BC90298 /* PermissionsSettingsView.swift */ = {isa = PBXFileReference; lastKnownFileType = sourcecode.swift; path = PermissionsSettingsView.swift; sourceTree = "<group>"; };
		110BEA16859A4BC3BC171427 /* ActivityOverlayView.swift */ = {isa = PBXFileReference; lastKnownFileType = sourcecode.swift; path = ActivityOverlayView.swift; sourceTree = "<group>"; };
		1230C06958285AB1CAE2418A /* BackendAvailability.swift */ = {isa = PBXFileReference; lastKnownFileType = sourcecode.swift; path = BackendAvailability.swift; sourceTree = "<group>"; };
		1541D758E496D69D90CB308E /* FluidAudioKokoroEngine.swift */ = {isa = PBXFileReference; lastKnownFileType = sourcecode.swift; path = FluidAudioKokoroEngine.swift; sourceTree = "<group>"; };
		196EAFDEDCE964071F1FD07A /* UnixSocketServerTests.swift */ = {isa = PBXFileReference; lastKnownFileType = sourcecode.swift; path = UnixSocketServerTests.swift; sourceTree = "<group>"; };
		1A727A1F8CEB8AC9F2E1FEB9 /* DictationSettingsView.swift */ = {isa = PBXFileReference; lastKnownFileType = sourcecode.swift; path = DictationSettingsView.swift; sourceTree = "<group>"; };
		1B6ABB9D76B40D6F416C4B0C /* DictationCoordinator.swift */ = {isa = PBXFileReference; lastKnownFileType = sourcecode.swift; path = DictationCoordinator.swift; sourceTree = "<group>"; };
		1BD1713F6B25B17ED9F3EEA7 /* PocketTTSBackendTests.swift */ = {isa = PBXFileReference; lastKnownFileType = sourcecode.swift; path = PocketTTSBackendTests.swift; sourceTree = "<group>"; };
		1BE24F398C26E7C916733EF1 /* ClipboardService.swift */ = {isa = PBXFileReference; lastKnownFileType = sourcecode.swift; path = ClipboardService.swift; sourceTree = "<group>"; };
		1D080F5789BE1F241509F1C2 /* ProjectSmokeTests.swift */ = {isa = PBXFileReference; lastKnownFileType = sourcecode.swift; path = ProjectSmokeTests.swift; sourceTree = "<group>"; };
		1F90592F0F4CAEF1DF31EC85 /* WindowFocusCoordinator.swift */ = {isa = PBXFileReference; lastKnownFileType = sourcecode.swift; path = WindowFocusCoordinator.swift; sourceTree = "<group>"; };
		203E8DFFD8E671A374DB34E3 /* KokoroTTSBackendTests.swift */ = {isa = PBXFileReference; lastKnownFileType = sourcecode.swift; path = KokoroTTSBackendTests.swift; sourceTree = "<group>"; };
		2388EB91FEE36FAF3715B0FE /* Diagnostics.swift */ = {isa = PBXFileReference; lastKnownFileType = sourcecode.swift; path = Diagnostics.swift; sourceTree = "<group>"; };
		2499709E52B7C2AE389E0A68 /* GlobalHotkeyManager.swift */ = {isa = PBXFileReference; lastKnownFileType = sourcecode.swift; path = GlobalHotkeyManager.swift; sourceTree = "<group>"; };
		264D3B761DD35FEF92E86BAC /* TTSRouterTests.swift */ = {isa = PBXFileReference; lastKnownFileType = sourcecode.swift; path = TTSRouterTests.swift; sourceTree = "<group>"; };
		26B7DBB23381692173168C9B /* FluidAudioPocketTTSEngine.swift */ = {isa = PBXFileReference; lastKnownFileType = sourcecode.swift; path = FluidAudioPocketTTSEngine.swift; sourceTree = "<group>"; };
		272BF7900B279928282E93C7 /* PermissionService.swift */ = {isa = PBXFileReference; lastKnownFileType = sourcecode.swift; path = PermissionService.swift; sourceTree = "<group>"; };
		275F0AFDBD57596BB855D04B /* HookTransportClient.swift */ = {isa = PBXFileReference; lastKnownFileType = sourcecode.swift; path = HookTransportClient.swift; sourceTree = "<group>"; };
		29EE80E2D79C7BCF9E1806A0 /* ParakeetBackend.swift */ = {isa = PBXFileReference; lastKnownFileType = sourcecode.swift; path = ParakeetBackend.swift; sourceTree = "<group>"; };
		2ACB3A9F06DA9A4999C2D065 /* ActivityOverlayActionDispatcherTests.swift */ = {isa = PBXFileReference; lastKnownFileType = sourcecode.swift; path = ActivityOverlayActionDispatcherTests.swift; sourceTree = "<group>"; };
		2F2A1198E9E19F425709AF21 /* FluidAudioKokoroEngineTests.swift */ = {isa = PBXFileReference; lastKnownFileType = sourcecode.swift; path = FluidAudioKokoroEngineTests.swift; sourceTree = "<group>"; };
		311ABBF060EBB992AF95420A /* AppleTTSBackendTests.swift */ = {isa = PBXFileReference; lastKnownFileType = sourcecode.swift; path = AppleTTSBackendTests.swift; sourceTree = "<group>"; };
		359767A5465051721E7F2076 /* Assets.xcassets */ = {isa = PBXFileReference; lastKnownFileType = folder.assetcatalog; path = Assets.xcassets; sourceTree = "<group>"; };
		36BC1C589CC6F88B197B1EF0 /* HotkeyDefinition.swift */ = {isa = PBXFileReference; lastKnownFileType = sourcecode.swift; path = HotkeyDefinition.swift; sourceTree = "<group>"; };
		3772B7BC9E1856FB2551A9D4 /* AppModel.swift */ = {isa = PBXFileReference; lastKnownFileType = sourcecode.swift; path = AppModel.swift; sourceTree = "<group>"; };
		3E5FC6AD7B609779FB7B0A48 /* SynthesizedAudioPlayer.swift */ = {isa = PBXFileReference; lastKnownFileType = sourcecode.swift; path = SynthesizedAudioPlayer.swift; sourceTree = "<group>"; };
		3FEA7F12EBADD824A6D473D8 /* TextInsertionService.swift */ = {isa = PBXFileReference; lastKnownFileType = sourcecode.swift; path = TextInsertionService.swift; sourceTree = "<group>"; };
		483B44390B4757DC9D7B7505 /* AccessibilityService.swift */ = {isa = PBXFileReference; lastKnownFileType = sourcecode.swift; path = AccessibilityService.swift; sourceTree = "<group>"; };
		49DEB5422690339D2759CC63 /* AppleSpeechBackendTests.swift */ = {isa = PBXFileReference; lastKnownFileType = sourcecode.swift; path = AppleSpeechBackendTests.swift; sourceTree = "<group>"; };
		4CE409E03262A10710015F9A /* ActivityOverlayPresentationTests.swift */ = {isa = PBXFileReference; lastKnownFileType = sourcecode.swift; path = ActivityOverlayPresentationTests.swift; sourceTree = "<group>"; };
		54E4B351A16CE237218FE5C0 /* SettingsView.swift */ = {isa = PBXFileReference; lastKnownFileType = sourcecode.swift; path = SettingsView.swift; sourceTree = "<group>"; };
		5B0A9C8344C96ABA62442D91 /* HookEnvelopeReceiver.swift */ = {isa = PBXFileReference; lastKnownFileType = sourcecode.swift; path = HookEnvelopeReceiver.swift; sourceTree = "<group>"; };
		5BCF70B97ADB9DCB148D1934 /* DiagnosticsView.swift */ = {isa = PBXFileReference; lastKnownFileType = sourcecode.swift; path = DiagnosticsView.swift; sourceTree = "<group>"; };
		5CB732B846FC4C710B2410FC /* FluidAudioParakeetEngine.swift */ = {isa = PBXFileReference; lastKnownFileType = sourcecode.swift; path = FluidAudioParakeetEngine.swift; sourceTree = "<group>"; };
		5DED03634A55B66FBCED816D /* TTSBackendCatalogTests.swift */ = {isa = PBXFileReference; lastKnownFileType = sourcecode.swift; path = TTSBackendCatalogTests.swift; sourceTree = "<group>"; };
		6354F61BA4CE6CE9E6F5206D /* AccessibilityServiceTests.swift */ = {isa = PBXFileReference; lastKnownFileType = sourcecode.swift; path = AccessibilityServiceTests.swift; sourceTree = "<group>"; };
		6A5013145E15E5C746C59782 /* AgentProvider.swift */ = {isa = PBXFileReference; lastKnownFileType = sourcecode.swift; path = AgentProvider.swift; sourceTree = "<group>"; };
		6AAA555F92CDA973E5FD1ACA /* MicrophoneCaptureStateTests.swift */ = {isa = PBXFileReference; lastKnownFileType = sourcecode.swift; path = MicrophoneCaptureStateTests.swift; sourceTree = "<group>"; };
		6B541411E315249B0E88DAE3 /* SpeechCoordinatorTests.swift */ = {isa = PBXFileReference; lastKnownFileType = sourcecode.swift; path = SpeechCoordinatorTests.swift; sourceTree = "<group>"; };
		6F62FB2475A4963FC6149879 /* IntegrationStatus.swift */ = {isa = PBXFileReference; lastKnownFileType = sourcecode.swift; path = IntegrationStatus.swift; sourceTree = "<group>"; };
		713C20F092B5FD9DB2257B5E /* StreamingAudioPlayerTests.swift */ = {isa = PBXFileReference; lastKnownFileType = sourcecode.swift; path = StreamingAudioPlayerTests.swift; sourceTree = "<group>"; };
		71B3B42F4D8ADC705985B0C3 /* SpeechBackendContractsTests.swift */ = {isa = PBXFileReference; lastKnownFileType = sourcecode.swift; path = SpeechBackendContractsTests.swift; sourceTree = "<group>"; };
		74C937F1F8E31916F4428507 /* TextInsertionServiceTests.swift */ = {isa = PBXFileReference; lastKnownFileType = sourcecode.swift; path = TextInsertionServiceTests.swift; sourceTree = "<group>"; };
		751588B739A8C2497A075C0A /* STTRouter.swift */ = {isa = PBXFileReference; lastKnownFileType = sourcecode.swift; path = STTRouter.swift; sourceTree = "<group>"; };
		75A5D0DD6ECBB171B17FC747 /* RulesSpeechPreprocessorTests.swift */ = {isa = PBXFileReference; lastKnownFileType = sourcecode.swift; path = RulesSpeechPreprocessorTests.swift; sourceTree = "<group>"; };
		75C54FA6D0E67AA81510F66A /* RelayApp.swift */ = {isa = PBXFileReference; lastKnownFileType = sourcecode.swift; path = RelayApp.swift; sourceTree = "<group>"; };
		763A6DE20D54E1A785D7D61F /* SelectionReaderTests.swift */ = {isa = PBXFileReference; lastKnownFileType = sourcecode.swift; path = SelectionReaderTests.swift; sourceTree = "<group>"; };
		7A283E013EB4D5C368889260 /* STTRouterTests.swift */ = {isa = PBXFileReference; lastKnownFileType = sourcecode.swift; path = STTRouterTests.swift; sourceTree = "<group>"; };
		7F32A0AB1ECF4429A4A7F818 /* AgentResponseEvent.swift */ = {isa = PBXFileReference; lastKnownFileType = sourcecode.swift; path = AgentResponseEvent.swift; sourceTree = "<group>"; };
		7FCE353359D9AFF090867950 /* ActivityOverlayWindowControllerTests.swift */ = {isa = PBXFileReference; lastKnownFileType = sourcecode.swift; path = ActivityOverlayWindowControllerTests.swift; sourceTree = "<group>"; };
		82F98404629EA6F3162215CC /* RelayTests.swift */ = {isa = PBXFileReference; lastKnownFileType = sourcecode.swift; path = RelayTests.swift; sourceTree = "<group>"; };
		8319285D2256A603BD08A571 /* DictationCoordinatorTests.swift */ = {isa = PBXFileReference; lastKnownFileType = sourcecode.swift; path = DictationCoordinatorTests.swift; sourceTree = "<group>"; };
		83997371307F0FA88DB5A57E /* HookEnvelopeReceiverTests.swift */ = {isa = PBXFileReference; lastKnownFileType = sourcecode.swift; path = HookEnvelopeReceiverTests.swift; sourceTree = "<group>"; };
		84A0C0F43582E9D7B099E3FB /* ActivityOverlayModelTests.swift */ = {isa = PBXFileReference; lastKnownFileType = sourcecode.swift; path = ActivityOverlayModelTests.swift; sourceTree = "<group>"; };
		85842060D11E3427D905C000 /* AppSettings.swift */ = {isa = PBXFileReference; lastKnownFileType = sourcecode.swift; path = AppSettings.swift; sourceTree = "<group>"; };
		887DB4ADA3775E932C1B5211 /* PocketTTSBackend.swift */ = {isa = PBXFileReference; lastKnownFileType = sourcecode.swift; path = PocketTTSBackend.swift; sourceTree = "<group>"; };
		8CE61334B063F0337C2E6BB7 /* GlobalHotkeyManagerTests.swift */ = {isa = PBXFileReference; lastKnownFileType = sourcecode.swift; path = GlobalHotkeyManagerTests.swift; sourceTree = "<group>"; };
		8E72993D876294B84028D5D5 /* KeybindsSettingsView.swift */ = {isa = PBXFileReference; lastKnownFileType = sourcecode.swift; path = KeybindsSettingsView.swift; sourceTree = "<group>"; };
		90563D92C2FAAA30698339C5 /* MicrophoneCapture.swift */ = {isa = PBXFileReference; lastKnownFileType = sourcecode.swift; path = MicrophoneCapture.swift; sourceTree = "<group>"; };
		91ED1D7A6F95F0D69DB81AEF /* UnixSocketServer.swift */ = {isa = PBXFileReference; lastKnownFileType = sourcecode.swift; path = UnixSocketServer.swift; sourceTree = "<group>"; };
		929A7ED797B49CEE115E1DA6 /* ClipboardServiceTests.swift */ = {isa = PBXFileReference; lastKnownFileType = sourcecode.swift; path = ClipboardServiceTests.swift; sourceTree = "<group>"; };
		939E4B16B30B18A7F7A66345 /* SpeechBackendCatalog.swift */ = {isa = PBXFileReference; lastKnownFileType = sourcecode.swift; path = SpeechBackendCatalog.swift; sourceTree = "<group>"; };
		9A2D71436EB216912EA0F366 /* RelayWindowTagger.swift */ = {isa = PBXFileReference; lastKnownFileType = sourcecode.swift; path = RelayWindowTagger.swift; sourceTree = "<group>"; };
		9D1367D86F5DB24EEC0865E5 /* SynthesizedAudioPlayerTests.swift */ = {isa = PBXFileReference; lastKnownFileType = sourcecode.swift; path = SynthesizedAudioPlayerTests.swift; sourceTree = "<group>"; };
		9F9345EEDE9FA0BA054B69BC /* RulesTranscriptProcessor.swift */ = {isa = PBXFileReference; lastKnownFileType = sourcecode.swift; path = RulesTranscriptProcessor.swift; sourceTree = "<group>"; };
		A3A1971CFBDF8C170DD9B32F /* ActivityOverlayPresentation.swift */ = {isa = PBXFileReference; lastKnownFileType = sourcecode.swift; path = ActivityOverlayPresentation.swift; sourceTree = "<group>"; };
		A7357E0F76AF76DF9C69ACD1 /* TextToSpeechBackend.swift */ = {isa = PBXFileReference; lastKnownFileType = sourcecode.swift; path = TextToSpeechBackend.swift; sourceTree = "<group>"; };
		AC1EE06D54321DF43FE4A78E /* SettingsStore.swift */ = {isa = PBXFileReference; lastKnownFileType = sourcecode.swift; path = SettingsStore.swift; sourceTree = "<group>"; };
		AE11899BF95D51FEF77A4A4C /* SettingsViewsSmokeTests.swift */ = {isa = PBXFileReference; lastKnownFileType = sourcecode.swift; path = SettingsViewsSmokeTests.swift; sourceTree = "<group>"; };
		B2640FB004F58617990C7498 /* Relay.app */ = {isa = PBXFileReference; explicitFileType = wrapper.application; includeInIndex = 0; path = Relay.app; sourceTree = BUILT_PRODUCTS_DIR; };
		BABB516AF90FA95A49A1731E /* RelayTests.xctest */ = {isa = PBXFileReference; explicitFileType = wrapper.cfbundle; includeInIndex = 0; path = RelayTests.xctest; sourceTree = BUILT_PRODUCTS_DIR; };
		C1950E87F2DF1360304DC63A /* FluidAudioParakeetEngineTests.swift */ = {isa = PBXFileReference; lastKnownFileType = sourcecode.swift; path = FluidAudioParakeetEngineTests.swift; sourceTree = "<group>"; };
		C9310CC2B63FAED92154DB23 /* SelectionReader.swift */ = {isa = PBXFileReference; lastKnownFileType = sourcecode.swift; path = SelectionReader.swift; sourceTree = "<group>"; };
		C946F6D8E4671F893A836DF2 /* TTSBackendCatalog.swift */ = {isa = PBXFileReference; lastKnownFileType = sourcecode.swift; path = TTSBackendCatalog.swift; sourceTree = "<group>"; };
		CA7F679F877AB1E080B262A1 /* SpeechModels.swift */ = {isa = PBXFileReference; lastKnownFileType = sourcecode.swift; path = SpeechModels.swift; sourceTree = "<group>"; };
		CD7B5DDABCD6925ACF15C1B3 /* RelayHook */ = {isa = PBXFileReference; includeInIndex = 0; path = RelayHook; sourceTree = BUILT_PRODUCTS_DIR; };
		CFD159D40C20E2EB860D1629 /* RelayIntegration.swift */ = {isa = PBXFileReference; lastKnownFileType = sourcecode.swift; path = RelayIntegration.swift; sourceTree = "<group>"; };
		D01700458AA3E57B79695FD7 /* RulesSpeechPreprocessor.swift */ = {isa = PBXFileReference; lastKnownFileType = sourcecode.swift; path = RulesSpeechPreprocessor.swift; sourceTree = "<group>"; };
		D2945AA36C2854FD4A7C9469 /* ActivityOverlayWindowController.swift */ = {isa = PBXFileReference; lastKnownFileType = sourcecode.swift; path = ActivityOverlayWindowController.swift; sourceTree = "<group>"; };
		D52815C78FFC96732B4BC0DE /* DiagnosticsTests.swift */ = {isa = PBXFileReference; lastKnownFileType = sourcecode.swift; path = DiagnosticsTests.swift; sourceTree = "<group>"; };
		DA1878571E35A1485700DA5C /* TTSRouter.swift */ = {isa = PBXFileReference; lastKnownFileType = sourcecode.swift; path = TTSRouter.swift; sourceTree = "<group>"; };
		DAA71CF6D19AFEA28AC72CE1 /* ActivityOverlayModel.swift */ = {isa = PBXFileReference; lastKnownFileType = sourcecode.swift; path = ActivityOverlayModel.swift; sourceTree = "<group>"; };
		E2E464DE9B8D3EF3FBAF0A9E /* SpeechCoordinator.swift */ = {isa = PBXFileReference; lastKnownFileType = sourcecode.swift; path = SpeechCoordinator.swift; sourceTree = "<group>"; };
		E575530E2E604E20E5161DF6 /* AppleTTSBackend.swift */ = {isa = PBXFileReference; lastKnownFileType = sourcecode.swift; path = AppleTTSBackend.swift; sourceTree = "<group>"; };
		E5B3D8C288C8ECB8A4B97ABD /* ActivityOverlayActionDispatcher.swift */ = {isa = PBXFileReference; lastKnownFileType = sourcecode.swift; path = ActivityOverlayActionDispatcher.swift; sourceTree = "<group>"; };
		E76185120FF9AE021058358D /* FluidAudioPocketTTSEngineTests.swift */ = {isa = PBXFileReference; lastKnownFileType = sourcecode.swift; path = FluidAudioPocketTTSEngineTests.swift; sourceTree = "<group>"; };
		E97D595D58978F2A8CD9294F /* main.swift */ = {isa = PBXFileReference; lastKnownFileType = sourcecode.swift; path = main.swift; sourceTree = "<group>"; };
		EAB0B39FEA02933CC4354E8D /* SpeechBackendError.swift */ = {isa = PBXFileReference; lastKnownFileType = sourcecode.swift; path = SpeechBackendError.swift; sourceTree = "<group>"; };
		ED330EE6049AE116AFB2F072 /* AppSettingsTests.swift */ = {isa = PBXFileReference; lastKnownFileType = sourcecode.swift; path = AppSettingsTests.swift; sourceTree = "<group>"; };
		ED7F4126C70AC7872DBFD520 /* StreamingAudioPlayer.swift */ = {isa = PBXFileReference; lastKnownFileType = sourcecode.swift; path = StreamingAudioPlayer.swift; sourceTree = "<group>"; };
		F5BF4958844B2771537AF08D /* AppModelTests.swift */ = {isa = PBXFileReference; lastKnownFileType = sourcecode.swift; path = AppModelTests.swift; sourceTree = "<group>"; };
		F810D496F4EB25DFF87CD3E9 /* TTSSettingsView.swift */ = {isa = PBXFileReference; lastKnownFileType = sourcecode.swift; path = TTSSettingsView.swift; sourceTree = "<group>"; };
		FCAE43E0E7232A29726586EA /* HookEnvelopeTests.swift */ = {isa = PBXFileReference; lastKnownFileType = sourcecode.swift; path = HookEnvelopeTests.swift; sourceTree = "<group>"; };
		FE7691D4AED60790AE873F6C /* AppleSpeechBackend.swift */ = {isa = PBXFileReference; lastKnownFileType = sourcecode.swift; path = AppleSpeechBackend.swift; sourceTree = "<group>"; };
/* End PBXFileReference section */

/* Begin PBXFrameworksBuildPhase section */
		EF50208E6B06E9FF6A31ED33 /* Frameworks */ = {
			isa = PBXFrameworksBuildPhase;
			buildActionMask = 2147483647;
			files = (
				4900F6EF78F8F5B2F3228ECA /* FluidAudio in Frameworks */,
			);
			runOnlyForDeploymentPostprocessing = 0;
		};
/* End PBXFrameworksBuildPhase section */

/* Begin PBXGroup section */
		09120AE87014631DA64D6551 /* App */ = {
			isa = PBXGroup;
			children = (
				2ACB3A9F06DA9A4999C2D065 /* ActivityOverlayActionDispatcherTests.swift */,
				84A0C0F43582E9D7B099E3FB /* ActivityOverlayModelTests.swift */,
				4CE409E03262A10710015F9A /* ActivityOverlayPresentationTests.swift */,
				7FCE353359D9AFF090867950 /* ActivityOverlayWindowControllerTests.swift */,
				F5BF4958844B2771537AF08D /* AppModelTests.swift */,
				AE11899BF95D51FEF77A4A4C /* SettingsViewsSmokeTests.swift */,
				5DED03634A55B66FBCED816D /* TTSBackendCatalogTests.swift */,
				035CD1C6FBA0F8F91F652E6F /* WindowFocusCoordinatorTests.swift */,
			);
			path = App;
			sourceTree = "<group>";
		};
		16D77C9EF27381A0203FFD77 /* Integrations */ = {
			isa = PBXGroup;
			children = (
				A3C38B74220B3521849E2C36 /* Domain */,
				6FDA25AA9AF6F1C2BFC09E2A /* Transport */,
			);
			path = Integrations;
			sourceTree = "<group>";
		};
		1D5C6A10CD6B121EB1EF0031 /* System */ = {
			isa = PBXGroup;
			children = (
				483B44390B4757DC9D7B7505 /* AccessibilityService.swift */,
				1BE24F398C26E7C916733EF1 /* ClipboardService.swift */,
				2388EB91FEE36FAF3715B0FE /* Diagnostics.swift */,
				2499709E52B7C2AE389E0A68 /* GlobalHotkeyManager.swift */,
				272BF7900B279928282E93C7 /* PermissionService.swift */,
				C9310CC2B63FAED92154DB23 /* SelectionReader.swift */,
				AC1EE06D54321DF43FE4A78E /* SettingsStore.swift */,
				3FEA7F12EBADD824A6D473D8 /* TextInsertionService.swift */,
			);
			path = System;
			sourceTree = "<group>";
		};
		1DC21581A672696A8892A074 /* Integrations */ = {
			isa = PBXGroup;
			children = (
				83997371307F0FA88DB5A57E /* HookEnvelopeReceiverTests.swift */,
				FCAE43E0E7232A29726586EA /* HookEnvelopeTests.swift */,
				196EAFDEDCE964071F1FD07A /* UnixSocketServerTests.swift */,
			);
			path = Integrations;
			sourceTree = "<group>";
		};
		31FBF222EAD919F3755F2425 /* Backends */ = {
			isa = PBXGroup;
			children = (
				49DEB5422690339D2759CC63 /* AppleSpeechBackendTests.swift */,
				2F2A1198E9E19F425709AF21 /* FluidAudioKokoroEngineTests.swift */,
				C1950E87F2DF1360304DC63A /* FluidAudioParakeetEngineTests.swift */,
				E76185120FF9AE021058358D /* FluidAudioPocketTTSEngineTests.swift */,
				203E8DFFD8E671A374DB34E3 /* KokoroTTSBackendTests.swift */,
				0426F6B17538598D1ECA3EB8 /* ParakeetBackendTests.swift */,
				1BD1713F6B25B17ED9F3EEA7 /* PocketTTSBackendTests.swift */,
			);
			path = Backends;
			sourceTree = "<group>";
		};
		370CCB652C846F1DC6580429 /* SpeechIn */ = {
			isa = PBXGroup;
			children = (
				1B6ABB9D76B40D6F416C4B0C /* DictationCoordinator.swift */,
				90563D92C2FAAA30698339C5 /* MicrophoneCapture.swift */,
				9F9345EEDE9FA0BA054B69BC /* RulesTranscriptProcessor.swift */,
				06E124777F58D54CEDE5CA61 /* SpeechToTextBackend.swift */,
				751588B739A8C2497A075C0A /* STTRouter.swift */,
			);
			path = SpeechIn;
			sourceTree = "<group>";
		};
		55F9F67CCCD674A771BA3A40 /* System */ = {
			isa = PBXGroup;
			children = (
				6354F61BA4CE6CE9E6F5206D /* AccessibilityServiceTests.swift */,
				929A7ED797B49CEE115E1DA6 /* ClipboardServiceTests.swift */,
				D52815C78FFC96732B4BC0DE /* DiagnosticsTests.swift */,
				8CE61334B063F0337C2E6BB7 /* GlobalHotkeyManagerTests.swift */,
				763A6DE20D54E1A785D7D61F /* SelectionReaderTests.swift */,
				74C937F1F8E31916F4428507 /* TextInsertionServiceTests.swift */,
			);
			path = System;
			sourceTree = "<group>";
		};
		6C1A6BC3ACEA9AC2F35DFD6B /* SpeechOut */ = {
			isa = PBXGroup;
			children = (
				311ABBF060EBB992AF95420A /* AppleTTSBackendTests.swift */,
				75A5D0DD6ECBB171B17FC747 /* RulesSpeechPreprocessorTests.swift */,
				6B541411E315249B0E88DAE3 /* SpeechCoordinatorTests.swift */,
				713C20F092B5FD9DB2257B5E /* StreamingAudioPlayerTests.swift */,
				9D1367D86F5DB24EEC0865E5 /* SynthesizedAudioPlayerTests.swift */,
				264D3B761DD35FEF92E86BAC /* TTSRouterTests.swift */,
			);
			path = SpeechOut;
			sourceTree = "<group>";
		};
		6F7D79CCDDFB38CEDDD6D7C4 /* SpeechIn */ = {
			isa = PBXGroup;
			children = (
				8319285D2256A603BD08A571 /* DictationCoordinatorTests.swift */,
				6AAA555F92CDA973E5FD1ACA /* MicrophoneCaptureStateTests.swift */,
				0C2D9AB71BE0958979C201CB /* RulesTranscriptProcessorTests.swift */,
				7A283E013EB4D5C368889260 /* STTRouterTests.swift */,
			);
			path = SpeechIn;
			sourceTree = "<group>";
		};
		6FDA25AA9AF6F1C2BFC09E2A /* Transport */ = {
			isa = PBXGroup;
			children = (
				5B0A9C8344C96ABA62442D91 /* HookEnvelopeReceiver.swift */,
				91ED1D7A6F95F0D69DB81AEF /* UnixSocketServer.swift */,
			);
			path = Transport;
			sourceTree = "<group>";
		};
		8108792C7BDAA099F962E116 /* Products */ = {
			isa = PBXGroup;
			children = (
				B2640FB004F58617990C7498 /* Relay.app */,
				CD7B5DDABCD6925ACF15C1B3 /* RelayHook */,
				BABB516AF90FA95A49A1731E /* RelayTests.xctest */,
			);
			name = Products;
			sourceTree = "<group>";
		};
		A3B1078494319AB67E3172D5 /* App */ = {
			isa = PBXGroup;
			children = (
				E5B3D8C288C8ECB8A4B97ABD /* ActivityOverlayActionDispatcher.swift */,
				DAA71CF6D19AFEA28AC72CE1 /* ActivityOverlayModel.swift */,
				032A9782E9C2C931DFB89322 /* ActivityOverlayPanelHost.swift */,
				A3A1971CFBDF8C170DD9B32F /* ActivityOverlayPresentation.swift */,
				110BEA16859A4BC3BC171427 /* ActivityOverlayView.swift */,
				D2945AA36C2854FD4A7C9469 /* ActivityOverlayWindowController.swift */,
				3772B7BC9E1856FB2551A9D4 /* AppModel.swift */,
				5BCF70B97ADB9DCB148D1934 /* DiagnosticsView.swift */,
				0DCE840658936E7271FAB146 /* MenuBarContentView.swift */,
				75C54FA6D0E67AA81510F66A /* RelayApp.swift */,
				9A2D71436EB216912EA0F366 /* RelayWindowTagger.swift */,
				939E4B16B30B18A7F7A66345 /* SpeechBackendCatalog.swift */,
				C946F6D8E4671F893A836DF2 /* TTSBackendCatalog.swift */,
				1F90592F0F4CAEF1DF31EC85 /* WindowFocusCoordinator.swift */,
				F80ADB4C2E35962B077F6A82 /* Settings */,
			);
			path = App;
			sourceTree = "<group>";
		};
		A3C38B74220B3521849E2C36 /* Domain */ = {
			isa = PBXGroup;
			children = (
				6A5013145E15E5C746C59782 /* AgentProvider.swift */,
				7F32A0AB1ECF4429A4A7F818 /* AgentResponseEvent.swift */,
				0007CFDD668AB6C9B6207607 /* HookEnvelope.swift */,
				6F62FB2475A4963FC6149879 /* IntegrationStatus.swift */,
				CFD159D40C20E2EB860D1629 /* RelayIntegration.swift */,
			);
			path = Domain;
			sourceTree = "<group>";
		};
		A89903B3BCFD871D73F30B39 /* Domain */ = {
			isa = PBXGroup;
			children = (
				ED330EE6049AE116AFB2F072 /* AppSettingsTests.swift */,
				71B3B42F4D8ADC705985B0C3 /* SpeechBackendContractsTests.swift */,
			);
			path = Domain;
			sourceTree = "<group>";
		};
		BB59EBF38C38532FAC2EAB8A /* SpeechOut */ = {
			isa = PBXGroup;
			children = (
				E575530E2E604E20E5161DF6 /* AppleTTSBackend.swift */,
				D01700458AA3E57B79695FD7 /* RulesSpeechPreprocessor.swift */,
				E2E464DE9B8D3EF3FBAF0A9E /* SpeechCoordinator.swift */,
				ED7F4126C70AC7872DBFD520 /* StreamingAudioPlayer.swift */,
				3E5FC6AD7B609779FB7B0A48 /* SynthesizedAudioPlayer.swift */,
				A7357E0F76AF76DF9C69ACD1 /* TextToSpeechBackend.swift */,
				DA1878571E35A1485700DA5C /* TTSRouter.swift */,
			);
			path = SpeechOut;
			sourceTree = "<group>";
		};
		DB2D484EE2072926850FD348 /* Backends */ = {
			isa = PBXGroup;
			children = (
				FE7691D4AED60790AE873F6C /* AppleSpeechBackend.swift */,
				1541D758E496D69D90CB308E /* FluidAudioKokoroEngine.swift */,
				5CB732B846FC4C710B2410FC /* FluidAudioParakeetEngine.swift */,
				26B7DBB23381692173168C9B /* FluidAudioPocketTTSEngine.swift */,
				0715D2F1C1EE6D1D8CA70C6E /* KokoroTTSBackend.swift */,
				29EE80E2D79C7BCF9E1806A0 /* ParakeetBackend.swift */,
				887DB4ADA3775E932C1B5211 /* PocketTTSBackend.swift */,
			);
			path = Backends;
			sourceTree = "<group>";
		};
		DC658091D1A7F7FB428FB8C2 = {
			isa = PBXGroup;
			children = (
				E543C263B165077F89769C48 /* Relay */,
				E52B7E61F1AB7AD1581C1B4C /* RelayHook */,
				E9C14B8A9590FCA3EDCFEAEA /* RelayTests */,
				8108792C7BDAA099F962E116 /* Products */,
			);
			sourceTree = "<group>";
		};
		E52B7E61F1AB7AD1581C1B4C /* RelayHook */ = {
			isa = PBXGroup;
			children = (
				275F0AFDBD57596BB855D04B /* HookTransportClient.swift */,
				E97D595D58978F2A8CD9294F /* main.swift */,
			);
			path = RelayHook;
			sourceTree = "<group>";
		};
		E543C263B165077F89769C48 /* Relay */ = {
			isa = PBXGroup;
			children = (
				359767A5465051721E7F2076 /* Assets.xcassets */,
				A3B1078494319AB67E3172D5 /* App */,
				DB2D484EE2072926850FD348 /* Backends */,
				FDEA6DBE16EC5221B53015C6 /* Domain */,
				16D77C9EF27381A0203FFD77 /* Integrations */,
				370CCB652C846F1DC6580429 /* SpeechIn */,
				BB59EBF38C38532FAC2EAB8A /* SpeechOut */,
				1D5C6A10CD6B121EB1EF0031 /* System */,
			);
			path = Relay;
			sourceTree = "<group>";
		};
		E9C14B8A9590FCA3EDCFEAEA /* RelayTests */ = {
			isa = PBXGroup;
			children = (
				1D080F5789BE1F241509F1C2 /* ProjectSmokeTests.swift */,
				82F98404629EA6F3162215CC /* RelayTests.swift */,
				09120AE87014631DA64D6551 /* App */,
				31FBF222EAD919F3755F2425 /* Backends */,
				A89903B3BCFD871D73F30B39 /* Domain */,
				1DC21581A672696A8892A074 /* Integrations */,
				6F7D79CCDDFB38CEDDD6D7C4 /* SpeechIn */,
				6C1A6BC3ACEA9AC2F35DFD6B /* SpeechOut */,
				55F9F67CCCD674A771BA3A40 /* System */,
			);
			path = RelayTests;
			sourceTree = "<group>";
		};
		F80ADB4C2E35962B077F6A82 /* Settings */ = {
			isa = PBXGroup;
			children = (
				1A727A1F8CEB8AC9F2E1FEB9 /* DictationSettingsView.swift */,
				8E72993D876294B84028D5D5 /* KeybindsSettingsView.swift */,
				0F476045417F42F97BC90298 /* PermissionsSettingsView.swift */,
				54E4B351A16CE237218FE5C0 /* SettingsView.swift */,
				F810D496F4EB25DFF87CD3E9 /* TTSSettingsView.swift */,
			);
			path = Settings;
			sourceTree = "<group>";
		};
		FDEA6DBE16EC5221B53015C6 /* Domain */ = {
			isa = PBXGroup;
			children = (
				85842060D11E3427D905C000 /* AppSettings.swift */,
				1230C06958285AB1CAE2418A /* BackendAvailability.swift */,
				36BC1C589CC6F88B197B1EF0 /* HotkeyDefinition.swift */,
				EAB0B39FEA02933CC4354E8D /* SpeechBackendError.swift */,
				CA7F679F877AB1E080B262A1 /* SpeechModels.swift */,
			);
			path = Domain;
			sourceTree = "<group>";
		};
/* End PBXGroup section */

/* Begin PBXNativeTarget section */
		00CC2921912F47FC3C6615F8 /* Relay */ = {
			isa = PBXNativeTarget;
			buildConfigurationList = 123F6CBD015F52CA68038BCE /* Build configuration list for PBXNativeTarget "Relay" */;
			buildPhases = (
				EC79C452CC5E84280E112945 /* Sources */,
				B2BD664DAF308B86A7FDF1AC /* Resources */,
				EF50208E6B06E9FF6A31ED33 /* Frameworks */,
				815BD24AE394C7F21C39C049 /* Embed RelayHook */,
			);
			buildRules = (
			);
			dependencies = (
				C5FAAF63E79290340AA7F51C /* PBXTargetDependency */,
			);
			name = Relay;
			packageProductDependencies = (
				323B0AC599ED79F41B90D793 /* FluidAudio */,
			);
			productName = Relay;
			productReference = B2640FB004F58617990C7498 /* Relay.app */;
			productType = "com.apple.product-type.application";
		};
		22D63D7F51BA7ACCC91FF884 /* RelayTests */ = {
			isa = PBXNativeTarget;
			buildConfigurationList = E227B8FDC7CB304FEE66DF90 /* Build configuration list for PBXNativeTarget "RelayTests" */;
			buildPhases = (
				A5E928E34BD5CECB56D64538 /* Sources */,
			);
			buildRules = (
			);
			dependencies = (
				B789F58BB61B880D7F193A2B /* PBXTargetDependency */,
			);
			name = RelayTests;
			packageProductDependencies = (
			);
			productName = RelayTests;
			productReference = BABB516AF90FA95A49A1731E /* RelayTests.xctest */;
			productType = "com.apple.product-type.bundle.unit-test";
		};
		7B4F067502ABA872D758B21D /* RelayHook */ = {
			isa = PBXNativeTarget;
			buildConfigurationList = 72FBE960E66633FA6A672B90 /* Build configuration list for PBXNativeTarget "RelayHook" */;
			buildPhases = (
				EB153ADF7F541E67E5D2B069 /* Sources */,
			);
			buildRules = (
			);
			dependencies = (
			);
			name = RelayHook;
			packageProductDependencies = (
			);
			productName = RelayHook;
			productReference = CD7B5DDABCD6925ACF15C1B3 /* RelayHook */;
			productType = "com.apple.product-type.tool";
		};
/* End PBXNativeTarget section */

/* Begin PBXProject section */
		00400E7BA46B4893DB3DAE46 /* Project object */ = {
			isa = PBXProject;
			attributes = {
				BuildIndependentTargetsInParallel = YES;
				LastUpgradeCheck = 1430;
				TargetAttributes = {
					00CC2921912F47FC3C6615F8 = {
						ProvisioningStyle = Manual;
					};
				};
			};
			buildConfigurationList = CAE7F6E0ECA548A1858A3109 /* Build configuration list for PBXProject "Relay" */;
			developmentRegion = en;
			hasScannedForEncodings = 0;
			knownRegions = (
				Base,
				en,
			);
			mainGroup = DC658091D1A7F7FB428FB8C2;
			minimizedProjectReferenceProxies = 1;
			packageReferences = (
				C16E3FF1C5261C4436908549 /* XCRemoteSwiftPackageReference "FluidAudio" */,
			);
			preferredProjectObjectVersion = 77;
			productRefGroup = 8108792C7BDAA099F962E116 /* Products */;
			projectDirPath = "";
			projectRoot = "";
			targets = (
				00CC2921912F47FC3C6615F8 /* Relay */,
				7B4F067502ABA872D758B21D /* RelayHook */,
				22D63D7F51BA7ACCC91FF884 /* RelayTests */,
			);
		};
/* End PBXProject section */

/* Begin PBXResourcesBuildPhase section */
		B2BD664DAF308B86A7FDF1AC /* Resources */ = {
			isa = PBXResourcesBuildPhase;
			buildActionMask = 2147483647;
			files = (
				83A8BA29AC759A450A261572 /* Assets.xcassets in Resources */,
				94AE744F4CA8CE70CBB9687B /* RelayHook in Resources */,
			);
			runOnlyForDeploymentPostprocessing = 0;
		};
/* End PBXResourcesBuildPhase section */

/* Begin PBXShellScriptBuildPhase section */
		815BD24AE394C7F21C39C049 /* Embed RelayHook */ = {
			isa = PBXShellScriptBuildPhase;
			alwaysOutOfDate = 1;
			buildActionMask = 2147483647;
			files = (
			);
			inputFileListPaths = (
			);
			inputPaths = (
			);
			name = "Embed RelayHook";
			outputFileListPaths = (
			);
			outputPaths = (
			);
			runOnlyForDeploymentPostprocessing = 0;
			shellPath = /bin/sh;
			shellScript = "set -euo pipefail\nhelper_dir=\"${TARGET_BUILD_DIR}/${CONTENTS_FOLDER_PATH}/Helpers\"\nmkdir -p \"${helper_dir}\"\ncp \"${BUILT_PRODUCTS_DIR}/RelayHook\" \"${helper_dir}/RelayHook\"\nchmod 755 \"${helper_dir}/RelayHook\"\n";
		};
/* End PBXShellScriptBuildPhase section */

/* Begin PBXSourcesBuildPhase section */
		A5E928E34BD5CECB56D64538 /* Sources */ = {
			isa = PBXSourcesBuildPhase;
			buildActionMask = 2147483647;
			files = (
				B785675C6885A59D2FD6BB18 /* AccessibilityServiceTests.swift in Sources */,
				4D3CA8D95BFE28098B9A51AB /* ActivityOverlayActionDispatcherTests.swift in Sources */,
				458711DCB7F0780003DE325F /* ActivityOverlayModelTests.swift in Sources */,
				5587EE4800F58032E7EB7806 /* ActivityOverlayPresentationTests.swift in Sources */,
				1FBD462C1D169A1B2983213F /* ActivityOverlayWindowControllerTests.swift in Sources */,
				B2E2ACBD73D895AA81FBD1B4 /* AppModelTests.swift in Sources */,
				18A0B28B851CB76A0406F54E /* AppSettingsTests.swift in Sources */,
				B65DB48D76D9E762F4D8DF4C /* AppleSpeechBackendTests.swift in Sources */,
				64C783F59CA61E2FF905B254 /* AppleTTSBackendTests.swift in Sources */,
				912B483ECC93452865AC4A29 /* ClipboardServiceTests.swift in Sources */,
				BF60241DEB26DD12C9DEB812 /* DiagnosticsTests.swift in Sources */,
				FEEB68ED69E952C82B735A84 /* DictationCoordinatorTests.swift in Sources */,
				28A7CDCD3BCC3B97A35DAED7 /* FluidAudioKokoroEngineTests.swift in Sources */,
				6F8E0185EBFBB32801034947 /* FluidAudioParakeetEngineTests.swift in Sources */,
				D24C6988EFA159A3FC1042F8 /* FluidAudioPocketTTSEngineTests.swift in Sources */,
				5BB20F6CC812C4783D7205B6 /* GlobalHotkeyManagerTests.swift in Sources */,
				E2C6E7141B67B8F4DBA3DE7B /* HookEnvelopeReceiverTests.swift in Sources */,
				DE60F514AF7DB717FE878E05 /* HookEnvelopeTests.swift in Sources */,
				0C3C74A43B72D383164C555C /* KokoroTTSBackendTests.swift in Sources */,
				30F97D8C0898E2D97E683F3F /* MicrophoneCaptureStateTests.swift in Sources */,
				9DEDED0E43E753BCE3E9414B /* ParakeetBackendTests.swift in Sources */,
				E9B4F43B9424CFCAFED6BD87 /* PocketTTSBackendTests.swift in Sources */,
				91CA532F4429D5B65476BEBC /* ProjectSmokeTests.swift in Sources */,
				9ED060105B789ED3C5278037 /* RelayTests.swift in Sources */,
				9756AF051A9C26FDF8B4BA30 /* RulesSpeechPreprocessorTests.swift in Sources */,
				C49E0E417AF998014B597166 /* RulesTranscriptProcessorTests.swift in Sources */,
				308DF8C3E698E57C77853A62 /* STTRouterTests.swift in Sources */,
				BB3C78E83707FBC0309FF4D5 /* SelectionReaderTests.swift in Sources */,
				AF4EAB5EC47262D70DE776AC /* SettingsViewsSmokeTests.swift in Sources */,
				70155993155C43ABD4EACFE4 /* SpeechBackendContractsTests.swift in Sources */,
				C5FAB2BF576BBC52717C7E8E /* SpeechCoordinatorTests.swift in Sources */,
				4E17960F53595769C23FFCC5 /* StreamingAudioPlayerTests.swift in Sources */,
				9A2E7133F5C199C2A5CE9DEF /* SynthesizedAudioPlayerTests.swift in Sources */,
				7C370FEEA779CE901DA9C8AF /* TTSBackendCatalogTests.swift in Sources */,
				B6A7E723B9BA8FE5CCF0BFD6 /* TTSRouterTests.swift in Sources */,
				CA5EDFFEEA88571D939A8E86 /* TextInsertionServiceTests.swift in Sources */,
				416ACED506F9EC70C96DD843 /* UnixSocketServerTests.swift in Sources */,
				59CEB26722FB7B5250A99741 /* WindowFocusCoordinatorTests.swift in Sources */,
			);
			runOnlyForDeploymentPostprocessing = 0;
		};
		EB153ADF7F541E67E5D2B069 /* Sources */ = {
			isa = PBXSourcesBuildPhase;
			buildActionMask = 2147483647;
			files = (
				41C36E1E85F8E70D46A0A087 /* HookTransportClient.swift in Sources */,
				427B55EA5FEAC493E6E7C6B0 /* main.swift in Sources */,
			);
			runOnlyForDeploymentPostprocessing = 0;
		};
		EC79C452CC5E84280E112945 /* Sources */ = {
			isa = PBXSourcesBuildPhase;
			buildActionMask = 2147483647;
			files = (
				7D36578865E64A7D1ACDBA52 /* AccessibilityService.swift in Sources */,
				7983DF95AD3406B5F677E00A /* ActivityOverlayActionDispatcher.swift in Sources */,
				412A7CAB611AAD65AD1553C1 /* ActivityOverlayModel.swift in Sources */,
				5AEB040E011549C43640F5CA /* ActivityOverlayPanelHost.swift in Sources */,
				BE570F59B904039713B5C19C /* ActivityOverlayPresentation.swift in Sources */,
				077DCF588705F7C9A0D435DE /* ActivityOverlayView.swift in Sources */,
				5A940B7CDFFD5E197ACA7422 /* ActivityOverlayWindowController.swift in Sources */,
				4A7BF6773CB46992FA06B09A /* AgentProvider.swift in Sources */,
				EAB39791025AC7188F9DD9C9 /* AgentResponseEvent.swift in Sources */,
				D0CCD89167ACBB59A2D873B6 /* AppModel.swift in Sources */,
				C5F5763A4617CDDD616EB1F3 /* AppSettings.swift in Sources */,
				B8D654E9189C297049AFAB10 /* AppleSpeechBackend.swift in Sources */,
				312A67F8371459CA07993365 /* AppleTTSBackend.swift in Sources */,
				8364B21972FCCAC67036630C /* BackendAvailability.swift in Sources */,
				3025C432DE8ACDA88701092F /* ClipboardService.swift in Sources */,
				BDB3AFBC914BC5F55A9E04B9 /* Diagnostics.swift in Sources */,
				26689C3A31F905B40F2AF9BF /* DiagnosticsView.swift in Sources */,
				35992EC60E1B8ECDA828B776 /* DictationCoordinator.swift in Sources */,
				79500C340512BA5276E98EB2 /* DictationSettingsView.swift in Sources */,
				4608679CC210E16C4D702708 /* FluidAudioKokoroEngine.swift in Sources */,
				37FBA412106C897F84C4B36A /* FluidAudioParakeetEngine.swift in Sources */,
				769E8F7AE0CB447ABAA8BCEE /* FluidAudioPocketTTSEngine.swift in Sources */,
				8C7FB013D71A83B74950862F /* GlobalHotkeyManager.swift in Sources */,
				97BBF047A631155332E9FB06 /* HookEnvelope.swift in Sources */,
				574E4EC4BB3E0961391FF516 /* HookEnvelopeReceiver.swift in Sources */,
				63950769791664D8A9424529 /* HotkeyDefinition.swift in Sources */,
				65B13E67B1253BF28C14D10E /* IntegrationStatus.swift in Sources */,
				26610864A9E3551C29288FA7 /* KeybindsSettingsView.swift in Sources */,
				6F7EFC40D66A19BCCF074782 /* KokoroTTSBackend.swift in Sources */,
				629B951FA84E58D245591D7B /* MenuBarContentView.swift in Sources */,
				5DFE942299A26F7BEA31560A /* MicrophoneCapture.swift in Sources */,
				ED473F93C25865ED39A16D6B /* ParakeetBackend.swift in Sources */,
				1BAD7007F7ACB0C185A59759 /* PermissionService.swift in Sources */,
				D97F726C0048114D443BDB31 /* PermissionsSettingsView.swift in Sources */,
				D5A6FF60B4626C4D3BB782F8 /* PocketTTSBackend.swift in Sources */,
				B5059A51D144C468B1843122 /* RelayApp.swift in Sources */,
				84EEBCE5125549F18CE06C06 /* RelayIntegration.swift in Sources */,
				DEB7ABD3D2EE7EB76531B9D1 /* RelayWindowTagger.swift in Sources */,
				F9565864D90DAB867000F0A0 /* RulesSpeechPreprocessor.swift in Sources */,
				5431C9D6D7FA67B99BD9F5BB /* RulesTranscriptProcessor.swift in Sources */,
				975663B0D629B8FDB447502D /* STTRouter.swift in Sources */,
				5804D315DC8C4E5826740B25 /* SelectionReader.swift in Sources */,
				23E6C9B2DB1F71CE066D828B /* SettingsStore.swift in Sources */,
				9F4340F141218B792C4792F0 /* SettingsView.swift in Sources */,
				1BAF0FCF7F0F72251EE22A7D /* SpeechBackendCatalog.swift in Sources */,
				740BAC00FB22AFBE28844B6E /* SpeechBackendError.swift in Sources */,
				D3DF712D1B92B3D921467185 /* SpeechCoordinator.swift in Sources */,
				131B33B0A7200D30823A1201 /* SpeechModels.swift in Sources */,
				010EFDE2D6C4A73206572BBE /* SpeechToTextBackend.swift in Sources */,
				6C55C510C67B13D5610DF133 /* StreamingAudioPlayer.swift in Sources */,
				A81AECAA6FC7AB0F87F442DE /* SynthesizedAudioPlayer.swift in Sources */,
				0B604089F852B83304D81658 /* TTSBackendCatalog.swift in Sources */,
				4F2437BBF321F303DFF307C5 /* TTSRouter.swift in Sources */,
				DAADDCA17C999363EEE95FCB /* TTSSettingsView.swift in Sources */,
				C7BAB420C2ACEAAD2615513F /* TextInsertionService.swift in Sources */,
				581FC3101A3FE16E88052CDC /* TextToSpeechBackend.swift in Sources */,
				AC21C5CAF0A02A9029C1127C /* UnixSocketServer.swift in Sources */,
				6EBCA693556C0B8F07AE9656 /* WindowFocusCoordinator.swift in Sources */,
			);
			runOnlyForDeploymentPostprocessing = 0;
		};
/* End PBXSourcesBuildPhase section */

/* Begin PBXTargetDependency section */
		B789F58BB61B880D7F193A2B /* PBXTargetDependency */ = {
			isa = PBXTargetDependency;
			target = 00CC2921912F47FC3C6615F8 /* Relay */;
			targetProxy = 56659E1809A0C78F49479215 /* PBXContainerItemProxy */;
		};
		C5FAAF63E79290340AA7F51C /* PBXTargetDependency */ = {
			isa = PBXTargetDependency;
			target = 7B4F067502ABA872D758B21D /* RelayHook */;
			targetProxy = A3F1DA22189C004655AB5C26 /* PBXContainerItemProxy */;
		};
/* End PBXTargetDependency section */

/* Begin XCBuildConfiguration section */
		2081E5984332363D157E9BAF /* Debug */ = {
			isa = XCBuildConfiguration;
			buildSettings = {
				ALWAYS_SEARCH_USER_PATHS = NO;
				CLANG_ANALYZER_NONNULL = YES;
				CLANG_ANALYZER_NUMBER_OBJECT_CONVERSION = YES_AGGRESSIVE;
				CLANG_CXX_LANGUAGE_STANDARD = "gnu++14";
				CLANG_CXX_LIBRARY = "libc++";
				CLANG_ENABLE_MODULES = YES;
				CLANG_ENABLE_OBJC_ARC = YES;
				CLANG_ENABLE_OBJC_WEAK = YES;
				CLANG_WARN_BLOCK_CAPTURE_AUTORELEASING = YES;
				CLANG_WARN_BOOL_CONVERSION = YES;
				CLANG_WARN_COMMA = YES;
				CLANG_WARN_CONSTANT_CONVERSION = YES;
				CLANG_WARN_DEPRECATED_OBJC_IMPLEMENTATIONS = YES;
				CLANG_WARN_DIRECT_OBJC_ISA_USAGE = YES_ERROR;
				CLANG_WARN_DOCUMENTATION_COMMENTS = YES;
				CLANG_WARN_EMPTY_BODY = YES;
				CLANG_WARN_ENUM_CONVERSION = YES;
				CLANG_WARN_INFINITE_RECURSION = YES;
				CLANG_WARN_INT_CONVERSION = YES;
				CLANG_WARN_NON_LITERAL_NULL_CONVERSION = YES;
				CLANG_WARN_OBJC_IMPLICIT_RETAIN_SELF = YES;
				CLANG_WARN_OBJC_LITERAL_CONVERSION = YES;
				CLANG_WARN_OBJC_ROOT_CLASS = YES_ERROR;
				CLANG_WARN_QUOTED_INCLUDE_IN_FRAMEWORK_HEADER = YES;
				CLANG_WARN_RANGE_LOOP_ANALYSIS = YES;
				CLANG_WARN_STRICT_PROTOTYPES = YES;
				CLANG_WARN_SUSPICIOUS_MOVE = YES;
				CLANG_WARN_UNGUARDED_AVAILABILITY = YES_AGGRESSIVE;
				CLANG_WARN_UNREACHABLE_CODE = YES;
				CLANG_WARN__DUPLICATE_METHOD_MATCH = YES;
				COPY_PHASE_STRIP = NO;
				DEBUG_INFORMATION_FORMAT = dwarf;
				ENABLE_STRICT_OBJC_MSGSEND = YES;
				ENABLE_TESTABILITY = YES;
				GCC_C_LANGUAGE_STANDARD = gnu11;
				GCC_DYNAMIC_NO_PIC = NO;
				GCC_NO_COMMON_BLOCKS = YES;
				GCC_OPTIMIZATION_LEVEL = 0;
				GCC_PREPROCESSOR_DEFINITIONS = (
					"$(inherited)",
					"DEBUG=1",
				);
				GCC_WARN_64_TO_32_BIT_CONVERSION = YES;
				GCC_WARN_ABOUT_RETURN_TYPE = YES_ERROR;
				GCC_WARN_UNDECLARED_SELECTOR = YES;
				GCC_WARN_UNINITIALIZED_AUTOS = YES_AGGRESSIVE;
				GCC_WARN_UNUSED_FUNCTION = YES;
				GCC_WARN_UNUSED_VARIABLE = YES;
				MACOSX_DEPLOYMENT_TARGET = 14.0;
				MTL_ENABLE_DEBUG_INFO = INCLUDE_SOURCE;
				MTL_FAST_MATH = YES;
				ONLY_ACTIVE_ARCH = YES;
				PRODUCT_NAME = "$(TARGET_NAME)";
				SDKROOT = macosx;
				SWIFT_ACTIVE_COMPILATION_CONDITIONS = DEBUG;
				SWIFT_OPTIMIZATION_LEVEL = "-Onone";
				SWIFT_VERSION = 5.0;
			};
			name = Debug;
		};
		52BA97836630D2E50EFB51DA /* Debug */ = {
			isa = XCBuildConfiguration;
			buildSettings = {
				BUNDLE_LOADER = "$(TEST_HOST)";
				COMBINE_HIDPI_IMAGES = YES;
				GENERATE_INFOPLIST_FILE = YES;
				LD_RUNPATH_SEARCH_PATHS = (
					"$(inherited)",
					"@executable_path/../Frameworks",
					"@loader_path/../Frameworks",
				);
				SDKROOT = macosx;
				TEST_HOST = "$(BUILT_PRODUCTS_DIR)/Relay.app/Contents/MacOS/Relay";
			};
			name = Debug;
		};
		59C569FE96C662F6F966983C /* Debug */ = {
			isa = XCBuildConfiguration;
			buildSettings = {
				ARCHS = arm64;
				CODE_SIGN_IDENTITY = "-";
				COMBINE_HIDPI_IMAGES = YES;
				LD_RUNPATH_SEARCH_PATHS = (
					"$(inherited)",
					"@executable_path/../Frameworks",
				);
				ONLY_ACTIVE_ARCH = YES;
				PRODUCT_NAME = RelayHook;
				SDKROOT = macosx;
				SWIFT_VERSION = 6.0;
			};
			name = Debug;
		};
		71F4EFF4B9550541A79E6FCC /* Release */ = {
			isa = XCBuildConfiguration;
			buildSettings = {
				ALWAYS_SEARCH_USER_PATHS = NO;
				CLANG_ANALYZER_NONNULL = YES;
				CLANG_ANALYZER_NUMBER_OBJECT_CONVERSION = YES_AGGRESSIVE;
				CLANG_CXX_LANGUAGE_STANDARD = "gnu++14";
				CLANG_CXX_LIBRARY = "libc++";
				CLANG_ENABLE_MODULES = YES;
				CLANG_ENABLE_OBJC_ARC = YES;
				CLANG_ENABLE_OBJC_WEAK = YES;
				CLANG_WARN_BLOCK_CAPTURE_AUTORELEASING = YES;
				CLANG_WARN_BOOL_CONVERSION = YES;
				CLANG_WARN_COMMA = YES;
				CLANG_WARN_CONSTANT_CONVERSION = YES;
				CLANG_WARN_DEPRECATED_OBJC_IMPLEMENTATIONS = YES;
				CLANG_WARN_DIRECT_OBJC_ISA_USAGE = YES_ERROR;
				CLANG_WARN_DOCUMENTATION_COMMENTS = YES;
				CLANG_WARN_EMPTY_BODY = YES;
				CLANG_WARN_ENUM_CONVERSION = YES;
				CLANG_WARN_INFINITE_RECURSION = YES;
				CLANG_WARN_INT_CONVERSION = YES;
				CLANG_WARN_NON_LITERAL_NULL_CONVERSION = YES;
				CLANG_WARN_OBJC_IMPLICIT_RETAIN_SELF = YES;
				CLANG_WARN_OBJC_LITERAL_CONVERSION = YES;
				CLANG_WARN_OBJC_ROOT_CLASS = YES_ERROR;
				CLANG_WARN_QUOTED_INCLUDE_IN_FRAMEWORK_HEADER = YES;
				CLANG_WARN_RANGE_LOOP_ANALYSIS = YES;
				CLANG_WARN_STRICT_PROTOTYPES = YES;
				CLANG_WARN_SUSPICIOUS_MOVE = YES;
				CLANG_WARN_UNGUARDED_AVAILABILITY = YES_AGGRESSIVE;
				CLANG_WARN_UNREACHABLE_CODE = YES;
				CLANG_WARN__DUPLICATE_METHOD_MATCH = YES;
				COPY_PHASE_STRIP = NO;
				DEBUG_INFORMATION_FORMAT = "dwarf-with-dsym";
				ENABLE_NS_ASSERTIONS = NO;
				ENABLE_STRICT_OBJC_MSGSEND = YES;
				GCC_C_LANGUAGE_STANDARD = gnu11;
				GCC_NO_COMMON_BLOCKS = YES;
				GCC_WARN_64_TO_32_BIT_CONVERSION = YES;
				GCC_WARN_ABOUT_RETURN_TYPE = YES_ERROR;
				GCC_WARN_UNDECLARED_SELECTOR = YES;
				GCC_WARN_UNINITIALIZED_AUTOS = YES_AGGRESSIVE;
				GCC_WARN_UNUSED_FUNCTION = YES;
				GCC_WARN_UNUSED_VARIABLE = YES;
				MACOSX_DEPLOYMENT_TARGET = 14.0;
				MTL_ENABLE_DEBUG_INFO = NO;
				MTL_FAST_MATH = YES;
				PRODUCT_NAME = "$(TARGET_NAME)";
				SDKROOT = macosx;
				SWIFT_COMPILATION_MODE = wholemodule;
				SWIFT_OPTIMIZATION_LEVEL = "-O";
				SWIFT_VERSION = 5.0;
			};
			name = Release;
		};
		7A96C46E33E113757828ACFC /* Release */ = {
			isa = XCBuildConfiguration;
			buildSettings = {
				ARCHS = arm64;
				CODE_SIGN_IDENTITY = "-";
				COMBINE_HIDPI_IMAGES = YES;
				LD_RUNPATH_SEARCH_PATHS = (
					"$(inherited)",
					"@executable_path/../Frameworks",
				);
				ONLY_ACTIVE_ARCH = YES;
				PRODUCT_NAME = RelayHook;
				SDKROOT = macosx;
				SWIFT_VERSION = 6.0;
			};
			name = Release;
		};
		7CB4F2CB7DAEE9752ED1E360 /* Debug */ = {
			isa = XCBuildConfiguration;
			buildSettings = {
				ARCHS = arm64;
				ASSETCATALOG_COMPILER_APPICON_NAME = AppIcon;
				CODE_SIGN_IDENTITY = "Relay Local Development";
				CODE_SIGN_STYLE = Manual;
				COMBINE_HIDPI_IMAGES = YES;
				GENERATE_INFOPLIST_FILE = YES;
				INFOPLIST_KEY_LSUIElement = YES;
				INFOPLIST_KEY_NSMicrophoneUsageDescription = "Relay uses the microphone only while you dictate.";
				INFOPLIST_KEY_NSSpeechRecognitionUsageDescription = "Relay uses on-device speech recognition when the Apple Speech backend is selected.";
				LD_RUNPATH_SEARCH_PATHS = (
					"$(inherited)",
					"@executable_path/../Frameworks",
				);
				ONLY_ACTIVE_ARCH = YES;
				PRODUCT_BUNDLE_IDENTIFIER = dev.relaymac.Relay;
				PRODUCT_NAME = Relay;
				SDKROOT = macosx;
				SWIFT_VERSION = 6.0;
			};
			name = Debug;
		};
		B64C6B120C8B6607431DB5A2 /* Release */ = {
			isa = XCBuildConfiguration;
			buildSettings = {
				BUNDLE_LOADER = "$(TEST_HOST)";
				COMBINE_HIDPI_IMAGES = YES;
				GENERATE_INFOPLIST_FILE = YES;
				LD_RUNPATH_SEARCH_PATHS = (
					"$(inherited)",
					"@executable_path/../Frameworks",
					"@loader_path/../Frameworks",
				);
				SDKROOT = macosx;
				TEST_HOST = "$(BUILT_PRODUCTS_DIR)/Relay.app/Contents/MacOS/Relay";
			};
			name = Release;
		};
		F3D9B9C587F1507CA874D0DE /* Release */ = {
			isa = XCBuildConfiguration;
			buildSettings = {
				ARCHS = arm64;
				ASSETCATALOG_COMPILER_APPICON_NAME = AppIcon;
				CODE_SIGN_IDENTITY = "Relay Local Development";
				CODE_SIGN_STYLE = Manual;
				COMBINE_HIDPI_IMAGES = YES;
				GENERATE_INFOPLIST_FILE = YES;
				INFOPLIST_KEY_LSUIElement = YES;
				INFOPLIST_KEY_NSMicrophoneUsageDescription = "Relay uses the microphone only while you dictate.";
				INFOPLIST_KEY_NSSpeechRecognitionUsageDescription = "Relay uses on-device speech recognition when the Apple Speech backend is selected.";
				LD_RUNPATH_SEARCH_PATHS = (
					"$(inherited)",
					"@executable_path/../Frameworks",
				);
				ONLY_ACTIVE_ARCH = YES;
				PRODUCT_BUNDLE_IDENTIFIER = dev.relaymac.Relay;
				PRODUCT_NAME = Relay;
				SDKROOT = macosx;
				SWIFT_VERSION = 6.0;
			};
			name = Release;
		};
/* End XCBuildConfiguration section */

/* Begin XCConfigurationList section */
		123F6CBD015F52CA68038BCE /* Build configuration list for PBXNativeTarget "Relay" */ = {
			isa = XCConfigurationList;
			buildConfigurations = (
				7CB4F2CB7DAEE9752ED1E360 /* Debug */,
				F3D9B9C587F1507CA874D0DE /* Release */,
			);
			defaultConfigurationIsVisible = 0;
			defaultConfigurationName = Debug;
		};
		72FBE960E66633FA6A672B90 /* Build configuration list for PBXNativeTarget "RelayHook" */ = {
			isa = XCConfigurationList;
			buildConfigurations = (
				59C569FE96C662F6F966983C /* Debug */,
				7A96C46E33E113757828ACFC /* Release */,
			);
			defaultConfigurationIsVisible = 0;
			defaultConfigurationName = Debug;
		};
		CAE7F6E0ECA548A1858A3109 /* Build configuration list for PBXProject "Relay" */ = {
			isa = XCConfigurationList;
			buildConfigurations = (
				2081E5984332363D157E9BAF /* Debug */,
				71F4EFF4B9550541A79E6FCC /* Release */,
			);
			defaultConfigurationIsVisible = 0;
			defaultConfigurationName = Debug;
		};
		E227B8FDC7CB304FEE66DF90 /* Build configuration list for PBXNativeTarget "RelayTests" */ = {
			isa = XCConfigurationList;
			buildConfigurations = (
				52BA97836630D2E50EFB51DA /* Debug */,
				B64C6B120C8B6607431DB5A2 /* Release */,
			);
			defaultConfigurationIsVisible = 0;
			defaultConfigurationName = Debug;
		};
/* End XCConfigurationList section */

/* Begin XCRemoteSwiftPackageReference section */
		C16E3FF1C5261C4436908549 /* XCRemoteSwiftPackageReference "FluidAudio" */ = {
			isa = XCRemoteSwiftPackageReference;
			repositoryURL = "https://github.com/FluidInference/FluidAudio.git";
			requirement = {
				kind = exactVersion;
				version = 0.12.6;
			};
		};
/* End XCRemoteSwiftPackageReference section */

/* Begin XCSwiftPackageProductDependency section */
		323B0AC599ED79F41B90D793 /* FluidAudio */ = {
			isa = XCSwiftPackageProductDependency;
			package = C16E3FF1C5261C4436908549 /* XCRemoteSwiftPackageReference "FluidAudio" */;
			productName = FluidAudio;
		};
/* End XCSwiftPackageProductDependency section */
	};
	rootObject = 00400E7BA46B4893DB3DAE46 /* Project object */;
}
